
Microsoft Visual Studio Solution File, Format Version 12.00
# Visual Studio 15
Project("{FAE04EC0-301F-11D3-BF4B-00C04F79EFBC}") = "DescribeImageFunction", "DescribeImageFunction\DescribeImageFunction.csproj", "{941F43C1-95AE-456F-AEC5-03E32EAFA44C}"
EndProject
Global
	GlobalSection(SolutionConfigurationPlatforms) = preSolution
		Debug|Any CPU = Debug|Any CPU
		Release|Any CPU = Release|Any CPU
	EndGlobalSection
	GlobalSection(ProjectConfigurationPlatforms) = postSolution
		{941F43C1-95AE-456F-AEC5-03E32EAFA44C}.Debug|Any CPU.ActiveCfg = Debug|Any CPU
		{941F43C1-95AE-456F-AEC5-03E32EAFA44C}.Debug|Any CPU.Build.0 = Debug|Any CPU
		{941F43C1-95AE-456F-AEC5-03E32EAFA44C}.Release|Any CPU.ActiveCfg = Release|Any CPU
		{941F43C1-95AE-456F-AEC5-03E32EAFA44C}.Release|Any CPU.Build.0 = Release|Any CPU
	EndGlobalSection
EndGlobal
